{
  "requires": true,
  "lockfileVersion": 1,
  "dependencies": {
    "react-ticker": {
      "version": "1.2.2",
      "resolved": "https://registry.npmjs.org/react-ticker/-/react-ticker-1.2.2.tgz",
      "integrity": "sha512-PXUujoPJvajxwOfosuuujlrBUrjgGp4FB4haWFOI25ujhMppW4SuLkiOdQ9AylrWN3yTHWdk2kbQWe3n9SjFGA=="
    }
  }
}
